
Microsoft Visual Studio Solution File, Format Version 12.00
# Visual Studio Version 17
VisualStudioVersion = 17.8.34511.84
MinimumVisualStudioVersion = 10.0.40219.1
Project("{9A19103F-16F7-4668-BE54-9A1E7A4F7556}") = "Robust", "Robust.csproj", "{80B73CF6-22C2-4FEC-A1E1-441D604C9441}"
EndProject
Project("{FAE04EC0-301F-11D3-BF4B-00C04F79EFBC}") = "UnitTest", "..\UnitTest\UnitTest.csproj", "{0E6798CC-B3B0-4107-9A66-A62ADF3D7BD0}"
EndProject
Global
	GlobalSection(SolutionConfigurationPlatforms) = preSolution
		Debug|Any CPU = Debug|Any CPU
		Release|Any CPU = Release|Any CPU
	EndGlobalSection
	GlobalSection(ProjectConfigurationPlatforms) = postSolution
		{80B73CF6-22C2-4FEC-A1E1-441D604C9441}.Debug|Any CPU.ActiveCfg = Debug|Any CPU
		{80B73CF6-22C2-4FEC-A1E1-441D604C9441}.Debug|Any CPU.Build.0 = Debug|Any CPU
		{80B73CF6-22C2-4FEC-A1E1-441D604C9441}.Release|Any CPU.ActiveCfg = Release|Any CPU
		{80B73CF6-22C2-4FEC-A1E1-441D604C9441}.Release|Any CPU.Build.0 = Release|Any CPU
		{0E6798CC-B3B0-4107-9A66-A62ADF3D7BD0}.Debug|Any CPU.ActiveCfg = Debug|Any CPU
		{0E6798CC-B3B0-4107-9A66-A62ADF3D7BD0}.Debug|Any CPU.Build.0 = Debug|Any CPU
		{0E6798CC-B3B0-4107-9A66-A62ADF3D7BD0}.Release|Any CPU.ActiveCfg = Release|Any CPU
		{0E6798CC-B3B0-4107-9A66-A62ADF3D7BD0}.Release|Any CPU.Build.0 = Release|Any CPU
	EndGlobalSection
	GlobalSection(SolutionProperties) = preSolution
		HideSolutionNode = FALSE
	EndGlobalSection
	GlobalSection(ExtensibilityGlobals) = postSolution
		SolutionGuid = {AD145857-D395-49C4-8EDD-1DE123878F76}
	EndGlobalSection
EndGlobal
